
Microsoft Visual Studio Solution File, Format Version 12.00
# Visual Studio 15
VisualStudioVersion = 15.0.27703.2042
MinimumVisualStudioVersion = 10.0.40219.1
Project("{9A19103F-16F7-4668-BE54-9A1E7A4F7556}") = "UFArt", "UFArt\UFArt.csproj", "{A1619D92-E911-40EA-9C24-6689399E4EC1}"
EndProject
Project("{FAE04EC0-301F-11D3-BF4B-00C04F79EFBC}") = "UFArt.Tests", "UFArt.Tests\UFArt.Tests.csproj", "{454D5DB8-269A-4820-9E8F-55B1CD8F720D}"
EndProject
Global
	GlobalSection(SolutionConfigurationPlatforms) = preSolution
		Debug|Any CPU = Debug|Any CPU
		Release|Any CPU = Release|Any CPU
	EndGlobalSection
	GlobalSection(ProjectConfigurationPlatforms) = postSolution
		{A1619D92-E911-40EA-9C24-6689399E4EC1}.Debug|Any CPU.ActiveCfg = Debug|Any CPU
		{A1619D92-E911-40EA-9C24-6689399E4EC1}.Debug|Any CPU.Build.0 = Debug|Any CPU
		{A1619D92-E911-40EA-9C24-6689399E4EC1}.Release|Any CPU.ActiveCfg = Release|Any CPU
		{A1619D92-E911-40EA-9C24-6689399E4EC1}.Release|Any CPU.Build.0 = Release|Any CPU
		{454D5DB8-269A-4820-9E8F-55B1CD8F720D}.Debug|Any CPU.ActiveCfg = Debug|Any CPU
		{454D5DB8-269A-4820-9E8F-55B1CD8F720D}.Debug|Any CPU.Build.0 = Debug|Any CPU
		{454D5DB8-269A-4820-9E8F-55B1CD8F720D}.Release|Any CPU.ActiveCfg = Release|Any CPU
		{454D5DB8-269A-4820-9E8F-55B1CD8F720D}.Release|Any CPU.Build.0 = Release|Any CPU
	EndGlobalSection
	GlobalSection(SolutionProperties) = preSolution
		HideSolutionNode = FALSE
	EndGlobalSection
	GlobalSection(ExtensibilityGlobals) = postSolution
		SolutionGuid = {AC10A4D9-50BA-4EB3-A607-18B96AABADFA}
	EndGlobalSection
EndGlobal
